PODS:
  - Toast (3.1.0)
  - YYKit (1.0.9):
    - YYKit/no-arc (= 1.0.9)
  - YYKit/no-arc (1.0.9)

DEPENDENCIES:
  - Toast
  - YYKit

SPEC CHECKSUMS:
  Toast: 14a93686d6c8bfe2727afd342414e35660a8a1f3
  YYKit: 7cda43304a8dc3696c449041e2cb3107b4e236e7

PODFILE CHECKSUM: 4bd2143c8d42a31337f4c7c4589d11bc8696a496

COCOAPODS: 1.2.0.beta.3
